{
  "nodes": {
    "nixpkgs": {
      "locked": {
        "lastModified": 1718297020,
        "narHash": "sha256-zgE37SrLrqlArePJHjQRZwanMZZ34XFAxoLk4CzxV1k=",
        "owner": "nixos",
        "repo": "nixpkgs",
        "rev": "4014350fa8d9d240f93a6d19c86d1d09978b205d",
        "type": "github"
      },
      "original": {
        "owner": "nixos",
        "repo": "nixpkgs",
        "type": "github"
      }
    },
    "root": {
      "inputs": {
        "nixpkgs": "nixpkgs"
      }
    }
  },
  "root": "root",
  "version": 7
}
