{
  "nodes": {
    "nixpkgs": {
      "locked": {
        "lastModified": 1720724273,
        "narHash": "sha256-TALJOXcXnHWvGfUcFik0QrwzUYwL7w9C4irBn1nAouM=",
        "owner": "nixos",
        "repo": "nixpkgs",
        "rev": "c20399ea2eb952e0fe67a22e2c0988f82ab1b734",
        "type": "github"
      },
      "original": {
        "owner": "nixos",
        "repo": "nixpkgs",
        "type": "github"
      }
    },
    "root": {
      "inputs": {
        "nixpkgs": "nixpkgs"
      }
    }
  },
  "root": "root",
  "version": 7
}
