{
  "nodes": {
    "nixpkgs": {
      "locked": {
        "lastModified": 1721240714,
        "narHash": "sha256-VI0GT9gw0ReTEBzhw2lhQALPxt7U85lBP5GqHfE6PkQ=",
        "owner": "nixos",
        "repo": "nixpkgs",
        "rev": "e22bde60c6bc05853b35a80991eb8e61002a9a11",
        "type": "github"
      },
      "original": {
        "owner": "nixos",
        "repo": "nixpkgs",
        "type": "github"
      }
    },
    "root": {
      "inputs": {
        "nixpkgs": "nixpkgs"
      }
    }
  },
  "root": "root",
  "version": 7
}
