{
  "name": "bienensteff.de",
  "lockfileVersion": 3,
  "requires": true,
  "packages": {
    "": {
      "dependencies": {
        "fullcalendar": "^7.0.0-rc.0",
        "luxon": "^3.4.4",
        "sortable-tablesort": "^3.1.0",
        "typescript": "^5.7.2"
      },
      "devDependencies": {
        "@types/luxon": "^3.4.2"
      }
    },
    "node_modules/@fullcalendar/core": {
      "version": "7.0.0-rc.0",
      "resolved": "https://registry.npmjs.org/@fullcalendar/core/-/core-7.0.0-rc.0.tgz",
      "integrity": "sha512-sYdQ+Pb7xMyVrWBVarynSEEssPjbdKBRhAgnIuDVK8QhetS/VY4d/PfkGH3341eYoJ2AyZirQ8hWE8s64cLmmg==",
      "dependencies": {
        "preact": "~10.23.1"
      }
    },
    "node_modules/@fullcalendar/daygrid": {
      "version": "7.0.0-rc.0",
      "resolved": "https://registry.npmjs.org/@fullcalendar/daygrid/-/daygrid-7.0.0-rc.0.tgz",
      "integrity": "sha512-Nccd2AxCiMuE+G6eqzniehBGZy0LQqzf8KgfXSgfDrg6v4PDV13sqSo1db7rxVeyLVnb0KQX8pv2zcZ1Cwugag==",
      "peerDependencies": {
        "@fullcalendar/core": "7.0.0-rc.0"
      }
    },
    "node_modules/@fullcalendar/interaction": {
      "version": "7.0.0-rc.0",
      "resolved": "https://registry.npmjs.org/@fullcalendar/interaction/-/interaction-7.0.0-rc.0.tgz",
      "integrity": "sha512-LmzG0NGGqEgkcpqVh+IH7Axolsj9rdchQaI1EI7SWNMgYUiq3JTkAnR6wTIAg2+ngjklWIZOddf7E3+8eKIU4Q==",
      "peerDependencies": {
        "@fullcalendar/core": "7.0.0-rc.0"
      }
    },
    "node_modules/@fullcalendar/list": {
      "version": "7.0.0-rc.0",
      "resolved": "https://registry.npmjs.org/@fullcalendar/list/-/list-7.0.0-rc.0.tgz",
      "integrity": "sha512-UGWA3kLNktDlmbgc7Wf6PFCGUX26bADGp4OoZUAKHqltrtsvm2dPLtzbIDg5z3IgI3jsyVvljd21EoEEgfr8Yw==",
      "peerDependencies": {
        "@fullcalendar/core": "7.0.0-rc.0"
      }
    },
    "node_modules/@fullcalendar/multimonth": {
      "version": "7.0.0-rc.0",
      "resolved": "https://registry.npmjs.org/@fullcalendar/multimonth/-/multimonth-7.0.0-rc.0.tgz",
      "integrity": "sha512-fozBhzfF3/nrRLhHVcsvxUGK+dVMY6QJFzsSUJtZig0Xjaw0DCxpcSPDXhHDaJmX1Zaa+fDPZ3zsMvB5Ir3X0Q==",
      "dependencies": {
        "@fullcalendar/daygrid": "7.0.0-rc.0"
      },
      "peerDependencies": {
        "@fullcalendar/core": "7.0.0-rc.0"
      }
    },
    "node_modules/@fullcalendar/timegrid": {
      "version": "7.0.0-rc.0",
      "resolved": "https://registry.npmjs.org/@fullcalendar/timegrid/-/timegrid-7.0.0-rc.0.tgz",
      "integrity": "sha512-O7FKvs2bxY3FjWZqV6M2n3LiqO82+86gYMgGEAipNMIgApJEeiTEP0HfW6fgRjGmTyCnHFf+ZPuu0XFDpgBRhg==",
      "dependencies": {
        "@fullcalendar/daygrid": "7.0.0-rc.0"
      },
      "peerDependencies": {
        "@fullcalendar/core": "7.0.0-rc.0"
      }
    },
    "node_modules/@types/luxon": {
      "version": "3.6.2",
      "resolved": "https://registry.npmjs.org/@types/luxon/-/luxon-3.6.2.tgz",
      "integrity": "sha512-R/BdP7OxEMc44l2Ex5lSXHoIXTB2JLNa3y2QISIbr58U/YcsffyQrYW//hZSdrfxrjRZj3GcUoxMPGdO8gSYuw==",
      "dev": true
    },
    "node_modules/fullcalendar": {
      "version": "7.0.0-rc.0",
      "resolved": "https://registry.npmjs.org/fullcalendar/-/fullcalendar-7.0.0-rc.0.tgz",
      "integrity": "sha512-aeSKCsYzX8rz3vPdvK3f/1C9vXwH8Z0TzZp84PIj0wjHFJ01bZtgcUiJXeJKDUW3YnTvHkAjnT8hJm/BGiGoGQ==",
      "dependencies": {
        "@fullcalendar/core": "7.0.0-rc.0",
        "@fullcalendar/daygrid": "7.0.0-rc.0",
        "@fullcalendar/interaction": "7.0.0-rc.0",
        "@fullcalendar/list": "7.0.0-rc.0",
        "@fullcalendar/multimonth": "7.0.0-rc.0",
        "@fullcalendar/timegrid": "7.0.0-rc.0"
      }
    },
    "node_modules/luxon": {
      "version": "3.6.1",
      "resolved": "https://registry.npmjs.org/luxon/-/luxon-3.6.1.tgz",
      "integrity": "sha512-tJLxrKJhO2ukZ5z0gyjY1zPh3Rh88Ej9P7jNrZiHMUXHae1yvI2imgOZtL1TO8TW6biMMKfTtAOoEJANgtWBMQ==",
      "engines": {
        "node": ">=12"
      }
    },
    "node_modules/preact": {
      "version": "10.23.2",
      "resolved": "https://registry.npmjs.org/preact/-/preact-10.23.2.tgz",
      "integrity": "sha512-kKYfePf9rzKnxOAKDpsWhg/ysrHPqT+yQ7UW4JjdnqjFIeNUnNcEJvhuA8fDenxAGWzUqtd51DfVg7xp/8T9NA==",
      "funding": {
        "type": "opencollective",
        "url": "https://opencollective.com/preact"
      }
    },
    "node_modules/sortable-tablesort": {
      "version": "3.2.3",
      "resolved": "https://registry.npmjs.org/sortable-tablesort/-/sortable-tablesort-3.2.3.tgz",
      "integrity": "sha512-w9Be4+C00n1UAymM7BBkJ8hfjVLJpBv7G7qHodqHtQvdW8OQFix48e/SujCYX+MFqr6PjkxpBWz8GyaZH1TGAA=="
    },
    "node_modules/typescript": {
      "version": "5.8.3",
      "resolved": "https://registry.npmjs.org/typescript/-/typescript-5.8.3.tgz",
      "integrity": "sha512-p1diW6TqL9L07nNxvRMM7hMMw4c5XOo/1ibL4aAIGmSAt9slTE1Xgw5KWuof2uTOvCg9BY7ZRi+GaF+7sfgPeQ==",
      "bin": {
        "tsc": "bin/tsc",
        "tsserver": "bin/tsserver"
      },
      "engines": {
        "node": ">=14.17"
      }
    }
  }
}
